{
  "name": "workers",
  "lockfileVersion": 3,
  "requires": true,
  "packages": {
    "": {
      "devDependencies": {
        "@types/nodemailer": "^6.4.17",
        "amqplib": "^0.10.8",
        "dotenv": "^16.5.0",
        "nodemailer": "^7.0.3"
      }
    },
    "node_modules/@types/node": {
      "version": "24.0.3",
      "resolved": "https://registry.npmjs.org/@types/node/-/node-24.0.3.tgz",
      "integrity": "sha512-R4I/kzCYAdRLzfiCabn9hxWfbuHS573x+r0dJMkkzThEa7pbrcDWK+9zu3e7aBOouf+rQAciqPFMnxwr0aWgKg==",
      "dev": true,
      "license": "MIT",
      "dependencies": {
        "undici-types": "~7.8.0"
      }
    },
    "node_modules/@types/nodemailer": {
      "version": "6.4.17",
      "resolved": "https://registry.npmjs.org/@types/nodemailer/-/nodemailer-6.4.17.tgz",
      "integrity": "sha512-I9CCaIp6DTldEg7vyUTZi8+9Vo0hi1/T8gv3C89yk1rSAAzoKQ8H8ki/jBYJSFoH/BisgLP8tkZMlQ91CIquww==",
      "dev": true,
      "license": "MIT",
      "dependencies": {
        "@types/node": "*"
      }
    },
    "node_modules/amqplib": {
      "version": "0.10.8",
      "resolved": "https://registry.npmjs.org/amqplib/-/amqplib-0.10.8.tgz",
      "integrity": "sha512-Tfn1O9sFgAP8DqeMEpt2IacsVTENBpblB3SqLdn0jK2AeX8iyCvbptBc8lyATT9bQ31MsjVwUSQ1g8f4jHOUfw==",
      "dev": true,
      "license": "MIT",
      "dependencies": {
        "buffer-more-ints": "~1.0.0",
        "url-parse": "~1.5.10"
      },
      "engines": {
        "node": ">=10"
      }
    },
    "node_modules/buffer-more-ints": {
      "version": "1.0.0",
      "resolved": "https://registry.npmjs.org/buffer-more-ints/-/buffer-more-ints-1.0.0.tgz",
      "integrity": "sha512-EMetuGFz5SLsT0QTnXzINh4Ksr+oo4i+UGTXEshiGCQWnsgSs7ZhJ8fzlwQ+OzEMs0MpDAMr1hxnblp5a4vcHg==",
      "dev": true,
      "license": "MIT"
    },
    "node_modules/dotenv": {
      "version": "16.5.0",
      "resolved": "https://registry.npmjs.org/dotenv/-/dotenv-16.5.0.tgz",
      "integrity": "sha512-m/C+AwOAr9/W1UOIZUo232ejMNnJAJtYQjUbHoNTBNTJSvqzzDh7vnrei3o3r3m9blf6ZoDkvcw0VmozNRFJxg==",
      "dev": true,
      "license": "BSD-2-Clause",
      "engines": {
        "node": ">=12"
      },
      "funding": {
        "url": "https://dotenvx.com"
      }
    },
    "node_modules/nodemailer": {
      "version": "7.0.3",
      "resolved": "https://registry.npmjs.org/nodemailer/-/nodemailer-7.0.3.tgz",
      "integrity": "sha512-Ajq6Sz1x7cIK3pN6KesGTah+1gnwMnx5gKl3piQlQQE/PwyJ4Mbc8is2psWYxK3RJTVeqsDaCv8ZzXLCDHMTZw==",
      "dev": true,
      "license": "MIT-0",
      "engines": {
        "node": ">=6.0.0"
      }
    },
    "node_modules/querystringify": {
      "version": "2.2.0",
      "resolved": "https://registry.npmjs.org/querystringify/-/querystringify-2.2.0.tgz",
      "integrity": "sha512-FIqgj2EUvTa7R50u0rGsyTftzjYmv/a3hO345bZNrqabNqjtgiDMgmo4mkUjd+nzU5oF3dClKqFIPUKybUyqoQ==",
      "dev": true,
      "license": "MIT"
    },
    "node_modules/requires-port": {
      "version": "1.0.0",
      "resolved": "https://registry.npmjs.org/requires-port/-/requires-port-1.0.0.tgz",
      "integrity": "sha512-KigOCHcocU3XODJxsu8i/j8T9tzT4adHiecwORRQ0ZZFcp7ahwXuRU1m+yuO90C5ZUyGeGfocHDI14M3L3yDAQ==",
      "dev": true,
      "license": "MIT"
    },
    "node_modules/undici-types": {
      "version": "7.8.0",
      "resolved": "https://registry.npmjs.org/undici-types/-/undici-types-7.8.0.tgz",
      "integrity": "sha512-9UJ2xGDvQ43tYyVMpuHlsgApydB8ZKfVYTsLDhXkFL/6gfkp+U8xTGdh8pMJv1SpZna0zxG1DwsKZsreLbXBxw==",
      "dev": true,
      "license": "MIT"
    },
    "node_modules/url-parse": {
      "version": "1.5.10",
      "resolved": "https://registry.npmjs.org/url-parse/-/url-parse-1.5.10.tgz",
      "integrity": "sha512-WypcfiRhfeUP9vvF0j6rw0J3hrWrw6iZv3+22h6iRMJ/8z1Tj6XfLP4DsUix5MhMPnXpiHDoKyoZ/bdCkwBCiQ==",
      "dev": true,
      "license": "MIT",
      "dependencies": {
        "querystringify": "^2.1.1",
        "requires-port": "^1.0.0"
      }
    }
  }
}
